
Microsoft Visual Studio Solution File, Format Version 12.00
# Visual Studio Version 16
VisualStudioVersion = 16.0.28606.126
MinimumVisualStudioVersion = 10.0.40219.1
Project("{FAE04EC0-301F-11D3-BF4B-00C04F79EFBC}") = "MEBetterSaves", "MEBetterSaves\MEBetterSaves.csproj", "{D927AA91-FD05-46FA-9C08-49E759D212C3}"
EndProject
Global
	GlobalSection(SolutionConfigurationPlatforms) = preSolution
		Debug|Any CPU = Debug|Any CPU
		Release|Any CPU = Release|Any CPU
	EndGlobalSection
	GlobalSection(ProjectConfigurationPlatforms) = postSolution
		{D927AA91-FD05-46FA-9C08-49E759D212C3}.Debug|Any CPU.ActiveCfg = Debug|Any CPU
		{D927AA91-FD05-46FA-9C08-49E759D212C3}.Debug|Any CPU.Build.0 = Debug|Any CPU
		{D927AA91-FD05-46FA-9C08-49E759D212C3}.Release|Any CPU.ActiveCfg = Release|Any CPU
		{D927AA91-FD05-46FA-9C08-49E759D212C3}.Release|Any CPU.Build.0 = Release|Any CPU
	EndGlobalSection
	GlobalSection(SolutionProperties) = preSolution
		HideSolutionNode = FALSE
	EndGlobalSection
	GlobalSection(ExtensibilityGlobals) = postSolution
		SolutionGuid = {5F5D6918-F0EC-412C-B892-F5D975266C9B}
	EndGlobalSection
EndGlobal
